
Microsoft Visual Studio Solution File, Format Version 12.00
# Visual Studio 15
VisualStudioVersion = 15.0.26228.10
MinimumVisualStudioVersion = 10.0.40219.1
Project("{FAE04EC0-301F-11D3-BF4B-00C04F79EFBC}") = "XRM.Deploy.Core", "src\XRM.Deploy.Core\XRM.Deploy.Core.csproj", "{6D7BAB75-D5AE-4E14-BFA8-E0704A0D795F}"
EndProject
Project("{FAE04EC0-301F-11D3-BF4B-00C04F79EFBC}") = "XRM.Deploy.Vsix", "src\XRM.Deploy.Vsix\XRM.Deploy.Vsix.csproj", "{276B1151-EE8E-42D1-BE0F-CEA8DBEDFA87}"
EndProject
Project("{FAE04EC0-301F-11D3-BF4B-00C04F79EFBC}") = "XRM.Telemetry", "src\XRM.Telemetry\XRM.Telemetry.csproj", "{92F998CC-F3B0-428D-9891-4124109D4AD7}"
EndProject
Project("{2150E333-8FDC-42A3-9474-1A3956D46DE8}") = "test", "test", "{36C0D4BB-3EEE-4007-A453-261B26779808}"
EndProject
Project("{FAE04EC0-301F-11D3-BF4B-00C04F79EFBC}") = "XRM.Deploy.Test", "test\XRM.Deploy.Test\XRM.Deploy.Test.csproj", "{DD4E4346-913D-4630-8D93-CD7E452F66BC}"
EndProject
Project("{FAE04EC0-301F-11D3-BF4B-00C04F79EFBC}") = "XRM.Sdk.Dynamics", "src\XRM.Sdk.Dynamics\XRM.Sdk.Dynamics.csproj", "{F62DD55B-26E4-46D4-B78B-9C860E7949B0}"
EndProject
Global
	GlobalSection(SolutionConfigurationPlatforms) = preSolution
		Debug|Any CPU = Debug|Any CPU
		Release|Any CPU = Release|Any CPU
	EndGlobalSection
	GlobalSection(ProjectConfigurationPlatforms) = postSolution
		{6D7BAB75-D5AE-4E14-BFA8-E0704A0D795F}.Debug|Any CPU.ActiveCfg = Debug|Any CPU
		{6D7BAB75-D5AE-4E14-BFA8-E0704A0D795F}.Debug|Any CPU.Build.0 = Debug|Any CPU
		{6D7BAB75-D5AE-4E14-BFA8-E0704A0D795F}.Release|Any CPU.ActiveCfg = Release|Any CPU
		{6D7BAB75-D5AE-4E14-BFA8-E0704A0D795F}.Release|Any CPU.Build.0 = Release|Any CPU
		{276B1151-EE8E-42D1-BE0F-CEA8DBEDFA87}.Debug|Any CPU.ActiveCfg = Debug|Any CPU
		{276B1151-EE8E-42D1-BE0F-CEA8DBEDFA87}.Debug|Any CPU.Build.0 = Debug|Any CPU
		{276B1151-EE8E-42D1-BE0F-CEA8DBEDFA87}.Release|Any CPU.ActiveCfg = Release|Any CPU
		{276B1151-EE8E-42D1-BE0F-CEA8DBEDFA87}.Release|Any CPU.Build.0 = Release|Any CPU
		{92F998CC-F3B0-428D-9891-4124109D4AD7}.Debug|Any CPU.ActiveCfg = Debug|Any CPU
		{92F998CC-F3B0-428D-9891-4124109D4AD7}.Debug|Any CPU.Build.0 = Debug|Any CPU
		{92F998CC-F3B0-428D-9891-4124109D4AD7}.Release|Any CPU.ActiveCfg = Release|Any CPU
		{92F998CC-F3B0-428D-9891-4124109D4AD7}.Release|Any CPU.Build.0 = Release|Any CPU
		{DD4E4346-913D-4630-8D93-CD7E452F66BC}.Debug|Any CPU.ActiveCfg = Debug|Any CPU
		{DD4E4346-913D-4630-8D93-CD7E452F66BC}.Debug|Any CPU.Build.0 = Debug|Any CPU
		{DD4E4346-913D-4630-8D93-CD7E452F66BC}.Release|Any CPU.ActiveCfg = Release|Any CPU
		{DD4E4346-913D-4630-8D93-CD7E452F66BC}.Release|Any CPU.Build.0 = Release|Any CPU
		{F62DD55B-26E4-46D4-B78B-9C860E7949B0}.Debug|Any CPU.ActiveCfg = Debug|Any CPU
		{F62DD55B-26E4-46D4-B78B-9C860E7949B0}.Debug|Any CPU.Build.0 = Debug|Any CPU
		{F62DD55B-26E4-46D4-B78B-9C860E7949B0}.Release|Any CPU.ActiveCfg = Release|Any CPU
		{F62DD55B-26E4-46D4-B78B-9C860E7949B0}.Release|Any CPU.Build.0 = Release|Any CPU
	EndGlobalSection
	GlobalSection(SolutionProperties) = preSolution
		HideSolutionNode = FALSE
	EndGlobalSection
	GlobalSection(NestedProjects) = preSolution
		{DD4E4346-913D-4630-8D93-CD7E452F66BC} = {36C0D4BB-3EEE-4007-A453-261B26779808}
	EndGlobalSection
EndGlobal
